
Microsoft Visual Studio Solution File, Format Version 12.00
# Visual Studio 15
VisualStudioVersion = 15.0.27703.2047
MinimumVisualStudioVersion = 10.0.40219.1
Project("{FAE04EC0-301F-11D3-BF4B-00C04F79EFBC}") = "CameraStatus", "CameraStatus\CameraStatus.csproj", "{75D04161-27E0-4696-AC49-A17965C9085D}"
EndProject
Project("{FAE04EC0-301F-11D3-BF4B-00C04F79EFBC}") = "CashDeskStatus", "CashDeskStatus\CashDeskStatus.csproj", "{99BA4B7A-4AE6-4BFF-BAB0-35049C8DCFFE}"
EndProject
Project("{FAE04EC0-301F-11D3-BF4B-00C04F79EFBC}") = "CashDeskApi", "CashDeskApi\CashDeskApi.csproj", "{16B2981F-EB8D-4C24-9267-9DD339BD5661}"
EndProject
Project("{2150E333-8FDC-42A3-9474-1A3956D46DE8}") = "Pictures", "Pictures", "{759E3821-A33F-47B3-9FB8-50BA410E6171}"
	ProjectSection(SolutionItems) = preProject
		Picture\add-circle-green-512.png = Picture\add-circle-green-512.png
		Picture\Cash_desk.jpg = Picture\Cash_desk.jpg
		Picture\close-button-png-hi.png = Picture\close-button-png-hi.png
		Picture\open-button-png-hi.png = Picture\open-button-png-hi.png
		Picture\subtract-circle-red-512.png = Picture\subtract-circle-red-512.png
	EndProjectSection
EndProject
Global
	GlobalSection(SolutionConfigurationPlatforms) = preSolution
		Debug|Any CPU = Debug|Any CPU
		Release|Any CPU = Release|Any CPU
	EndGlobalSection
	GlobalSection(ProjectConfigurationPlatforms) = postSolution
		{75D04161-27E0-4696-AC49-A17965C9085D}.Debug|Any CPU.ActiveCfg = Debug|Any CPU
		{75D04161-27E0-4696-AC49-A17965C9085D}.Debug|Any CPU.Build.0 = Debug|Any CPU
		{75D04161-27E0-4696-AC49-A17965C9085D}.Release|Any CPU.ActiveCfg = Release|Any CPU
		{75D04161-27E0-4696-AC49-A17965C9085D}.Release|Any CPU.Build.0 = Release|Any CPU
		{99BA4B7A-4AE6-4BFF-BAB0-35049C8DCFFE}.Debug|Any CPU.ActiveCfg = Debug|Any CPU
		{99BA4B7A-4AE6-4BFF-BAB0-35049C8DCFFE}.Debug|Any CPU.Build.0 = Debug|Any CPU
		{99BA4B7A-4AE6-4BFF-BAB0-35049C8DCFFE}.Release|Any CPU.ActiveCfg = Release|Any CPU
		{99BA4B7A-4AE6-4BFF-BAB0-35049C8DCFFE}.Release|Any CPU.Build.0 = Release|Any CPU
		{16B2981F-EB8D-4C24-9267-9DD339BD5661}.Debug|Any CPU.ActiveCfg = Debug|Any CPU
		{16B2981F-EB8D-4C24-9267-9DD339BD5661}.Debug|Any CPU.Build.0 = Debug|Any CPU
		{16B2981F-EB8D-4C24-9267-9DD339BD5661}.Release|Any CPU.ActiveCfg = Release|Any CPU
		{16B2981F-EB8D-4C24-9267-9DD339BD5661}.Release|Any CPU.Build.0 = Release|Any CPU
	EndGlobalSection
	GlobalSection(SolutionProperties) = preSolution
		HideSolutionNode = FALSE
	EndGlobalSection
	GlobalSection(ExtensibilityGlobals) = postSolution
		SolutionGuid = {84DE9018-F634-4C3D-AA5B-708E0E9B9543}
	EndGlobalSection
EndGlobal
